# This file is generated by running "yarn install" inside your project.
# Manual changes might be lost - proceed with caution!

__metadata:
  version: 8
  cacheKey: 10c0

"react-icons@npm:^5.6.0":
  version: 5.6.0
  resolution: "react-icons@npm:5.6.0"
  peerDependencies:
    react: "*"
  checksum: 10c0/addba1ebfd45cdf7f69291d0c93df64fca1271cfdb66df657abd223e3451c73356b035f50e75858627dd182b02129596c79eaaaa45d32eb52658e443a992645c
  languageName: node
  linkType: hard

"root-workspace-0b6124@workspace:.":
  version: 0.0.0-use.local
  resolution: "root-workspace-0b6124@workspace:."
  dependencies:
    react-icons: "npm:^5.6.0"
  languageName: unknown
  linkType: soft
